
Microsoft Visual Studio Solution File, Format Version 12.00
# Visual Studio 15
VisualStudioVersion = 15.0.33026.149
MinimumVisualStudioVersion = 10.0.40219.1
Project("{FAE04EC0-301F-11D3-BF4B-00C04F79EFBC}") = "test Pay", "test Pay\test Pay.csproj", "{93D5F596-BB39-4521-9F83-0E57F890121E}"
EndProject
Global
	GlobalSection(SolutionConfigurationPlatforms) = preSolution
		Debug|Any CPU = Debug|Any CPU
		Release|Any CPU = Release|Any CPU
	EndGlobalSection
	GlobalSection(ProjectConfigurationPlatforms) = postSolution
		{93D5F596-BB39-4521-9F83-0E57F890121E}.Debug|Any CPU.ActiveCfg = Debug|Any CPU
		{93D5F596-BB39-4521-9F83-0E57F890121E}.Debug|Any CPU.Build.0 = Debug|Any CPU
		{93D5F596-BB39-4521-9F83-0E57F890121E}.Release|Any CPU.ActiveCfg = Release|Any CPU
		{93D5F596-BB39-4521-9F83-0E57F890121E}.Release|Any CPU.Build.0 = Release|Any CPU
	EndGlobalSection
	GlobalSection(SolutionProperties) = preSolution
		HideSolutionNode = FALSE
	EndGlobalSection
	GlobalSection(ExtensibilityGlobals) = postSolution
		SolutionGuid = {823E4363-EE32-4841-88F0-14DFEEE766BA}
	EndGlobalSection
EndGlobal
